
Microsoft Visual Studio Solution File, Format Version 12.00
# Visual Studio Version 16
VisualStudioVersion = 16.0.32002.261
MinimumVisualStudioVersion = 10.0.40219.1
Project("{FAE04EC0-301F-11D3-BF4B-00C04F79EFBC}") = "Kitaplik_Projesi", "Kitaplik_Projesi\Kitaplik_Projesi.csproj", "{D719581F-86F4-4BD2-99FC-06703F3DBB37}"
EndProject
Global
	GlobalSection(SolutionConfigurationPlatforms) = preSolution
		Debug|Any CPU = Debug|Any CPU
		Release|Any CPU = Release|Any CPU
	EndGlobalSection
	GlobalSection(ProjectConfigurationPlatforms) = postSolution
		{D719581F-86F4-4BD2-99FC-06703F3DBB37}.Debug|Any CPU.ActiveCfg = Debug|Any CPU
		{D719581F-86F4-4BD2-99FC-06703F3DBB37}.Debug|Any CPU.Build.0 = Debug|Any CPU
		{D719581F-86F4-4BD2-99FC-06703F3DBB37}.Release|Any CPU.ActiveCfg = Release|Any CPU
		{D719581F-86F4-4BD2-99FC-06703F3DBB37}.Release|Any CPU.Build.0 = Release|Any CPU
	EndGlobalSection
	GlobalSection(SolutionProperties) = preSolution
		HideSolutionNode = FALSE
	EndGlobalSection
	GlobalSection(ExtensibilityGlobals) = postSolution
		SolutionGuid = {1EB1F160-73DF-4ECC-B287-B4176913FF61}
	EndGlobalSection
EndGlobal
